
Microsoft Visual Studio Solution File, Format Version 12.00
# Visual Studio Version 17
VisualStudioVersion = 17.4.33205.214
MinimumVisualStudioVersion = 10.0.40219.1
Project("{FAE04EC0-301F-11D3-BF4B-00C04F79EFBC}") = "DisableTaskManager", "DisableTaskManager\DisableTaskManager.csproj", "{7B2C73C2-8548-4199-B770-29ED92BEDA38}"
EndProject
Global
	GlobalSection(SolutionConfigurationPlatforms) = preSolution
		Debug|Any CPU = Debug|Any CPU
		Release|Any CPU = Release|Any CPU
	EndGlobalSection
	GlobalSection(ProjectConfigurationPlatforms) = postSolution
		{7B2C73C2-8548-4199-B770-29ED92BEDA38}.Debug|Any CPU.ActiveCfg = Debug|Any CPU
		{7B2C73C2-8548-4199-B770-29ED92BEDA38}.Debug|Any CPU.Build.0 = Debug|Any CPU
		{7B2C73C2-8548-4199-B770-29ED92BEDA38}.Release|Any CPU.ActiveCfg = Release|Any CPU
		{7B2C73C2-8548-4199-B770-29ED92BEDA38}.Release|Any CPU.Build.0 = Release|Any CPU
	EndGlobalSection
	GlobalSection(SolutionProperties) = preSolution
		HideSolutionNode = FALSE
	EndGlobalSection
	GlobalSection(ExtensibilityGlobals) = postSolution
		SolutionGuid = {B7126E97-655A-4131-A181-5950BDF086F5}
	EndGlobalSection
EndGlobal
